
Microsoft Visual Studio Solution File, Format Version 12.00
# Visual Studio Version 17
VisualStudioVersion = 17.7.34221.43
MinimumVisualStudioVersion = 10.0.40219.1
Project("{FAE04EC0-301F-11D3-BF4B-00C04F79EFBC}") = "StockApp.WebApi", "StockApp.WebApi\StockApp.WebApi.csproj", "{C1E49283-FF1C-49F0-85DC-5B40C2796F1D}"
EndProject
Project("{FAE04EC0-301F-11D3-BF4B-00C04F79EFBC}") = "StockApp.Application", "StockApp.Application\StockApp.Application.csproj", "{E0A71EA0-5FA8-40B9-9AC1-8905DE67BC49}"
EndProject
Project("{FAE04EC0-301F-11D3-BF4B-00C04F79EFBC}") = "StockApp.Domain", "StockApp.Domain\StockApp.Domain.csproj", "{5354A485-EC09-4B4C-AB7B-7BA7F8AE36BC}"
EndProject
Project("{FAE04EC0-301F-11D3-BF4B-00C04F79EFBC}") = "StockApp.Infrastructure", "StockApp.Infrastructure\StockApp.Infrastructure.csproj", "{3DC7BF1F-071E-4B0A-BF89-74092695F951}"
EndProject
Global
	GlobalSection(SolutionConfigurationPlatforms) = preSolution
		Debug|Any CPU = Debug|Any CPU
		Release|Any CPU = Release|Any CPU
	EndGlobalSection
	GlobalSection(ProjectConfigurationPlatforms) = postSolution
		{C1E49283-FF1C-49F0-85DC-5B40C2796F1D}.Debug|Any CPU.ActiveCfg = Debug|Any CPU
		{C1E49283-FF1C-49F0-85DC-5B40C2796F1D}.Debug|Any CPU.Build.0 = Debug|Any CPU
		{C1E49283-FF1C-49F0-85DC-5B40C2796F1D}.Release|Any CPU.ActiveCfg = Release|Any CPU
		{C1E49283-FF1C-49F0-85DC-5B40C2796F1D}.Release|Any CPU.Build.0 = Release|Any CPU
		{E0A71EA0-5FA8-40B9-9AC1-8905DE67BC49}.Debug|Any CPU.ActiveCfg = Debug|Any CPU
		{E0A71EA0-5FA8-40B9-9AC1-8905DE67BC49}.Debug|Any CPU.Build.0 = Debug|Any CPU
		{E0A71EA0-5FA8-40B9-9AC1-8905DE67BC49}.Release|Any CPU.ActiveCfg = Release|Any CPU
		{E0A71EA0-5FA8-40B9-9AC1-8905DE67BC49}.Release|Any CPU.Build.0 = Release|Any CPU
		{5354A485-EC09-4B4C-AB7B-7BA7F8AE36BC}.Debug|Any CPU.ActiveCfg = Debug|Any CPU
		{5354A485-EC09-4B4C-AB7B-7BA7F8AE36BC}.Debug|Any CPU.Build.0 = Debug|Any CPU
		{5354A485-EC09-4B4C-AB7B-7BA7F8AE36BC}.Release|Any CPU.ActiveCfg = Release|Any CPU
		{5354A485-EC09-4B4C-AB7B-7BA7F8AE36BC}.Release|Any CPU.Build.0 = Release|Any CPU
		{3DC7BF1F-071E-4B0A-BF89-74092695F951}.Debug|Any CPU.ActiveCfg = Debug|Any CPU
		{3DC7BF1F-071E-4B0A-BF89-74092695F951}.Debug|Any CPU.Build.0 = Debug|Any CPU
		{3DC7BF1F-071E-4B0A-BF89-74092695F951}.Release|Any CPU.ActiveCfg = Release|Any CPU
		{3DC7BF1F-071E-4B0A-BF89-74092695F951}.Release|Any CPU.Build.0 = Release|Any CPU
	EndGlobalSection
	GlobalSection(SolutionProperties) = preSolution
		HideSolutionNode = FALSE
	EndGlobalSection
	GlobalSection(ExtensibilityGlobals) = postSolution
		SolutionGuid = {37829D77-FACB-45A3-ADA6-EF4E74243938}
	EndGlobalSection
EndGlobal
